Microsoft Visual Studio Solution File, Format Version 12.00
# Visual Studio Version 17
VisualStudioVersion = 17.13.36105.23
MinimumVisualStudioVersion = 10.0.40219.1
Project("{8BC9CEB8-8B4A-11D0-8D11-00A0C91BC942}") = "Get-AudioDevice", "Get-AudioDevice\Get-AudioDevice.vcxproj", "{077FCDE0-5FA4-4E04-8DD4-4F0C338C3E55}"
EndProject
Project("{8BC9CEB8-8B4A-11D0-8D11-00A0C91BC942}") = "Set-DefaultAudioDevice", "Set-DefaultAudioDevice\Set-DefaultAudioDevice.vcxproj", "{F3ACBADA-64D6-41C5-82FF-90B54F95CED9}"
EndProject
Project("{2150E333-8FDC-42A3-9474-1A3956D46DE8}") = "Solution Items", "Solution Items", "{8EC462FD-D22E-90A8-E5CE-7E832BA40C5D}"
	ProjectSection(SolutionItems) = preProject
		readme.md = readme.md
	EndProjectSection
EndProject
Project("{8BC9CEB8-8B4A-11D0-8D11-00A0C91BC942}") = "Enable-AudioDevice", "Enable-AudioDevice\Enable-AudioDevice.vcxproj", "{8B1E1792-A26A-427D-8139-9B7C87812995}"
EndProject
Project("{8BC9CEB8-8B4A-11D0-8D11-00A0C91BC942}") = "Disable-AudioDevice", "Disable-AudioDevice\Disable-AudioDevice.vcxproj", "{EA7481D4-6EA5-4A02-B3BD-63E12EC2F086}"
EndProject
Project("{8BC9CEB8-8B4A-11D0-8D11-00A0C91BC942}") = "Get-DefaultAudioDevice", "Get-DefaultAudioDevice\Get-DefaultAudioDevice.vcxproj", "{0FF3CDB3-1053-40D0-AEA7-F8A3479F1F41}"
EndProject
Global
	GlobalSection(SolutionConfigurationPlatforms) = preSolution
		Debug|x64 = Debug|x64
		Debug|x86 = Debug|x86
		Release|x64 = Release|x64
		Release|x86 = Release|x86
	EndGlobalSection
	GlobalSection(ProjectConfigurationPlatforms) = postSolution
		{077FCDE0-5FA4-4E04-8DD4-4F0C338C3E55}.Debug|x64.ActiveCfg = Debug|x64
		{077FCDE0-5FA4-4E04-8DD4-4F0C338C3E55}.Debug|x64.Build.0 = Debug|x64
		{077FCDE0-5FA4-4E04-8DD4-4F0C338C3E55}.Debug|x86.ActiveCfg = Debug|Win32
		{077FCDE0-5FA4-4E04-8DD4-4F0C338C3E55}.Debug|x86.Build.0 = Debug|Win32
		{077FCDE0-5FA4-4E04-8DD4-4F0C338C3E55}.Release|x64.ActiveCfg = Release|x64
		{077FCDE0-5FA4-4E04-8DD4-4F0C338C3E55}.Release|x64.Build.0 = Release|x64
		{077FCDE0-5FA4-4E04-8DD4-4F0C338C3E55}.Release|x86.ActiveCfg = Release|Win32
		{077FCDE0-5FA4-4E04-8DD4-4F0C338C3E55}.Release|x86.Build.0 = Release|Win32
		{F3ACBADA-64D6-41C5-82FF-90B54F95CED9}.Debug|x64.ActiveCfg = Debug|x64
		{F3ACBADA-64D6-41C5-82FF-90B54F95CED9}.Debug|x64.Build.0 = Debug|x64
		{F3ACBADA-64D6-41C5-82FF-90B54F95CED9}.Debug|x86.ActiveCfg = Debug|Win32
		{F3ACBADA-64D6-41C5-82FF-90B54F95CED9}.Debug|x86.Build.0 = Debug|Win32
		{F3ACBADA-64D6-41C5-82FF-90B54F95CED9}.Release|x64.ActiveCfg = Release|x64
		{F3ACBADA-64D6-41C5-82FF-90B54F95CED9}.Release|x64.Build.0 = Release|x64
		{F3ACBADA-64D6-41C5-82FF-90B54F95CED9}.Release|x86.ActiveCfg = Release|Win32
		{F3ACBADA-64D6-41C5-82FF-90B54F95CED9}.Release|x86.Build.0 = Release|Win32
		{8B1E1792-A26A-427D-8139-9B7C87812995}.Debug|x64.ActiveCfg = Debug|x64
		{8B1E1792-A26A-427D-8139-9B7C87812995}.Debug|x64.Build.0 = Debug|x64
		{8B1E1792-A26A-427D-8139-9B7C87812995}.Debug|x86.ActiveCfg = Debug|Win32
		{8B1E1792-A26A-427D-8139-9B7C87812995}.Debug|x86.Build.0 = Debug|Win32
		{8B1E1792-A26A-427D-8139-9B7C87812995}.Release|x64.ActiveCfg = Release|x64
		{8B1E1792-A26A-427D-8139-9B7C87812995}.Release|x64.Build.0 = Release|x64
		{8B1E1792-A26A-427D-8139-9B7C87812995}.Release|x86.ActiveCfg = Release|Win32
		{8B1E1792-A26A-427D-8139-9B7C87812995}.Release|x86.Build.0 = Release|Win32
		{EA7481D4-6EA5-4A02-B3BD-63E12EC2F086}.Debug|x64.ActiveCfg = Debug|x64
		{EA7481D4-6EA5-4A02-B3BD-63E12EC2F086}.Debug|x64.Build.0 = Debug|x64
		{EA7481D4-6EA5-4A02-B3BD-63E12EC2F086}.Debug|x86.ActiveCfg = Debug|Win32
		{EA7481D4-6EA5-4A02-B3BD-63E12EC2F086}.Debug|x86.Build.0 = Debug|Win32
		{EA7481D4-6EA5-4A02-B3BD-63E12EC2F086}.Release|x64.ActiveCfg = Release|x64
		{EA7481D4-6EA5-4A02-B3BD-63E12EC2F086}.Release|x64.Build.0 = Release|x64
		{EA7481D4-6EA5-4A02-B3BD-63E12EC2F086}.Release|x86.ActiveCfg = Release|Win32
		{EA7481D4-6EA5-4A02-B3BD-63E12EC2F086}.Release|x86.Build.0 = Release|Win32
		{0FF3CDB3-1053-40D0-AEA7-F8A3479F1F41}.Debug|x64.ActiveCfg = Debug|x64
		{0FF3CDB3-1053-40D0-AEA7-F8A3479F1F41}.Debug|x64.Build.0 = Debug|x64
		{0FF3CDB3-1053-40D0-AEA7-F8A3479F1F41}.Debug|x86.ActiveCfg = Debug|Win32
		{0FF3CDB3-1053-40D0-AEA7-F8A3479F1F41}.Debug|x86.Build.0 = Debug|Win32
		{0FF3CDB3-1053-40D0-AEA7-F8A3479F1F41}.Release|x64.ActiveCfg = Release|x64
		{0FF3CDB3-1053-40D0-AEA7-F8A3479F1F41}.Release|x64.Build.0 = Release|x64
		{0FF3CDB3-1053-40D0-AEA7-F8A3479F1F41}.Release|x86.ActiveCfg = Release|Win32
		{0FF3CDB3-1053-40D0-AEA7-F8A3479F1F41}.Release|x86.Build.0 = Release|Win32
	EndGlobalSection
	GlobalSection(SolutionProperties) = preSolution
		HideSolutionNode = FALSE
	EndGlobalSection
	GlobalSection(ExtensibilityGlobals) = postSolution
		SolutionGuid = {D58153DB-F6D2-4DB6-B42D-D0858C07BF9B}
	EndGlobalSection
EndGlobal
